// !$*UTF8*$!
{
	archiveVersion = 1;
	classes = {
	};
	objectVersion = 46;
	objects = {

/* Begin PBXBuildFile section */
		88BFC0531D6ED49E001E6273 /* mm_gps_utils.c in Sources */ = {isa = PBXBuildFile; fileRef = 88BFC0511D6ED49E001E6273 /* mm_gps_utils.c */; };
		88EF878F1D6DBB8B005FF29E /* main.c in Sources */ = {isa = PBXBuildFile; fileRef = 88EF878E1D6DBB8B005FF29E /* main.c */; };
		88EF87971D6DBC45005FF29E /* mm_gps_beacon.c in Sources */ = {isa = PBXBuildFile; fileRef = 88EF87951D6DBC45005FF29E /* mm_gps_beacon.c */; };
/* End PBXBuildFile section */

/* Begin PBXCopyFilesBuildPhase section */
		88EF87891D6DBB8B005FF29E /* CopyFiles */ = {
			isa = PBXCopyFilesBuildPhase;
			buildActionMask = 2147483647;
			dstPath = /usr/share/man/man1/;
			dstSubfolderSpec = 0;
			files = (
			);
			runOnlyForDeploymentPostprocessing = 1;
		};
/* End PBXCopyFilesBuildPhase section */

/* Begin PBXFileReference section */
		88BFC0501D6ED322001E6273 /* dump.hex */ = {isa = PBXFileReference; lastKnownFileType = file; path = dump.hex; sourceTree = "<group>"; };
		88BFC0511D6ED49E001E6273 /* mm_gps_utils.c */ = {isa = PBXFileReference; fileEncoding = 4; lastKnownFileType = sourcecode.c.c; path = mm_gps_utils.c; sourceTree = "<group>"; };
		88BFC0521D6ED49E001E6273 /* mm_gps_utils.h */ = {isa = PBXFileReference; fileEncoding = 4; lastKnownFileType = sourcecode.c.h; path = mm_gps_utils.h; sourceTree = "<group>"; };
		88EF878B1D6DBB8B005FF29E /* mm_gps_c */ = {isa = PBXFileReference; explicitFileType = "compiled.mach-o.executable"; includeInIndex = 0; path = mm_gps_c; sourceTree = BUILT_PRODUCTS_DIR; };
		88EF878E1D6DBB8B005FF29E /* main.c */ = {isa = PBXFileReference; lastKnownFileType = sourcecode.c.c; path = main.c; sourceTree = "<group>"; };
		88EF87951D6DBC45005FF29E /* mm_gps_beacon.c */ = {isa = PBXFileReference; fileEncoding = 4; lastKnownFileType = sourcecode.c.c; path = mm_gps_beacon.c; sourceTree = "<group>"; };
		88EF87961D6DBC45005FF29E /* mm_gps_beacon.h */ = {isa = PBXFileReference; fileEncoding = 4; lastKnownFileType = sourcecode.c.h; path = mm_gps_beacon.h; sourceTree = "<group>"; };
/* End PBXFileReference section */

/* Begin PBXFrameworksBuildPhase section */
		88EF87881D6DBB8B005FF29E /* Frameworks */ = {
			isa = PBXFrameworksBuildPhase;
			buildActionMask = 2147483647;
			files = (
			);
			runOnlyForDeploymentPostprocessing = 0;
		};
/* End PBXFrameworksBuildPhase section */

/* Begin PBXGroup section */
		885C97C71D7D77A600F5D040 /* include */ = {
			isa = PBXGroup;
			children = (
				88EF87961D6DBC45005FF29E /* mm_gps_beacon.h */,
				88BFC0521D6ED49E001E6273 /* mm_gps_utils.h */,
			);
			path = include;
			sourceTree = "<group>";
		};
		88EF87821D6DBB8B005FF29E = {
			isa = PBXGroup;
			children = (
				88BFC0501D6ED322001E6273 /* dump.hex */,
				885C97C71D7D77A600F5D040 /* include */,
				88EF878D1D6DBB8B005FF29E /* mm_gps_c */,
				88EF878C1D6DBB8B005FF29E /* Products */,
			);
			sourceTree = "<group>";
		};
		88EF878C1D6DBB8B005FF29E /* Products */ = {
			isa = PBXGroup;
			children = (
				88EF878B1D6DBB8B005FF29E /* mm_gps_c */,
			);
			name = Products;
			sourceTree = "<group>";
		};
		88EF878D1D6DBB8B005FF29E /* mm_gps_c */ = {
			isa = PBXGroup;
			children = (
				88EF878E1D6DBB8B005FF29E /* main.c */,
				88EF87951D6DBC45005FF29E /* mm_gps_beacon.c */,
				88BFC0511D6ED49E001E6273 /* mm_gps_utils.c */,
			);
			path = mm_gps_c;
			sourceTree = "<group>";
		};
/* End PBXGroup section */

/* Begin PBXNativeTarget section */
		88EF878A1D6DBB8B005FF29E /* mm_gps_c */ = {
			isa = PBXNativeTarget;
			buildConfigurationList = 88EF87921D6DBB8B005FF29E /* Build configuration list for PBXNativeTarget "mm_gps_c" */;
			buildPhases = (
				88EF87871D6DBB8B005FF29E /* Sources */,
				88EF87881D6DBB8B005FF29E /* Frameworks */,
				88EF87891D6DBB8B005FF29E /* CopyFiles */,
			);
			buildRules = (
			);
			dependencies = (
			);
			name = mm_gps_c;
			productName = mm_gps_c;
			productReference = 88EF878B1D6DBB8B005FF29E /* mm_gps_c */;
			productType = "com.apple.product-type.tool";
		};
/* End PBXNativeTarget section */

/* Begin PBXProject section */
		88EF87831D6DBB8B005FF29E /* Project object */ = {
			isa = PBXProject;
			attributes = {
				LastUpgradeCheck = 0730;
				ORGANIZATIONNAME = "Paolo Bosetti";
				TargetAttributes = {
					88EF878A1D6DBB8B005FF29E = {
						CreatedOnToolsVersion = 7.3;
					};
				};
			};
			buildConfigurationList = 88EF87861D6DBB8B005FF29E /* Build configuration list for PBXProject "mm_gps_c" */;
			compatibilityVersion = "Xcode 3.2";
			developmentRegion = English;
			hasScannedForEncodings = 0;
			knownRegions = (
				en,
			);
			mainGroup = 88EF87821D6DBB8B005FF29E;
			productRefGroup = 88EF878C1D6DBB8B005FF29E /* Products */;
			projectDirPath = "";
			projectRoot = "";
			targets = (
				88EF878A1D6DBB8B005FF29E /* mm_gps_c */,
			);
		};
/* End PBXProject section */

/* Begin PBXSourcesBuildPhase section */
		88EF87871D6DBB8B005FF29E /* Sources */ = {
			isa = PBXSourcesBuildPhase;
			buildActionMask = 2147483647;
			files = (
				88BFC0531D6ED49E001E6273 /* mm_gps_utils.c in Sources */,
				88EF87971D6DBC45005FF29E /* mm_gps_beacon.c in Sources */,
				88EF878F1D6DBB8B005FF29E /* main.c in Sources */,
			);
			runOnlyForDeploymentPostprocessing = 0;
		};
/* End PBXSourcesBuildPhase section */

/* Begin XCBuildConfiguration section */
		88EF87901D6DBB8B005FF29E /* Debug */ = {
			isa = XCBuildConfiguration;
			buildSettings = {
				ALWAYS_SEARCH_USER_PATHS = NO;
				CLANG_ANALYZER_NONNULL = YES;
				CLANG_CXX_LANGUAGE_STANDARD = "gnu++0x";
				CLANG_CXX_LIBRARY = "libc++";
				CLANG_ENABLE_MODULES = YES;
				CLANG_ENABLE_OBJC_ARC = YES;
				CLANG_WARN_BOOL_CONVERSION = YES;
				CLANG_WARN_CONSTANT_CONVERSION = YES;
				CLANG_WARN_DIRECT_OBJC_ISA_USAGE = YES_ERROR;
				CLANG_WARN_EMPTY_BODY = YES;
				CLANG_WARN_ENUM_CONVERSION = YES;
				CLANG_WARN_INT_CONVERSION = YES;
				CLANG_WARN_OBJC_ROOT_CLASS = YES_ERROR;
				CLANG_WARN_UNREACHABLE_CODE = YES;
				CLANG_WARN__DUPLICATE_METHOD_MATCH = YES;
				CODE_SIGN_IDENTITY = "-";
				COPY_PHASE_STRIP = NO;
				DEBUG_INFORMATION_FORMAT = dwarf;
				ENABLE_STRICT_OBJC_MSGSEND = YES;
				ENABLE_TESTABILITY = YES;
				GCC_C_LANGUAGE_STANDARD = gnu99;
				GCC_DYNAMIC_NO_PIC = NO;
				GCC_NO_COMMON_BLOCKS = YES;
				GCC_OPTIMIZATION_LEVEL = 0;
				GCC_PREPROCESSOR_DEFINITIONS = (
					"DEBUG=1",
					"$(inherited)",
				);
				GCC_WARN_64_TO_32_BIT_CONVERSION = YES;
				GCC_WARN_ABOUT_RETURN_TYPE = YES_ERROR;
				GCC_WARN_UNDECLARED_SELECTOR = YES;
				GCC_WARN_UNINITIALIZED_AUTOS = YES_AGGRESSIVE;
				GCC_WARN_UNUSED_FUNCTION = YES;
				GCC_WARN_UNUSED_VARIABLE = YES;
				MACOSX_DEPLOYMENT_TARGET = 10.11;
				MTL_ENABLE_DEBUG_INFO = YES;
				ONLY_ACTIVE_ARCH = YES;
				SDKROOT = macosx;
			};
			name = Debug;
		};
		88EF87911D6DBB8B005FF29E /* Release */ = {
			isa = XCBuildConfiguration;
			buildSettings = {
				ALWAYS_SEARCH_USER_PATHS = NO;
				CLANG_ANALYZER_NONNULL = YES;
				CLANG_CXX_LANGUAGE_STANDARD = "gnu++0x";
				CLANG_CXX_LIBRARY = "libc++";
				CLANG_ENABLE_MODULES = YES;
				CLANG_ENABLE_OBJC_ARC = YES;
				CLANG_WARN_BOOL_CONVERSION = YES;
				CLANG_WARN_CONSTANT_CONVERSION = YES;
				CLANG_WARN_DIRECT_OBJC_ISA_USAGE = YES_ERROR;
				CLANG_WARN_EMPTY_BODY = YES;
				CLANG_WARN_ENUM_CONVERSION = YES;
				CLANG_WARN_INT_CONVERSION = YES;
				CLANG_WARN_OBJC_ROOT_CLASS = YES_ERROR;
				CLANG_WARN_UNREACHABLE_CODE = YES;
				CLANG_WARN__DUPLICATE_METHOD_MATCH = YES;
				CODE_SIGN_IDENTITY = "-";
				COPY_PHASE_STRIP = NO;
				DEBUG_INFORMATION_FORMAT = "dwarf-with-dsym";
				ENABLE_NS_ASSERTIONS = NO;
				ENABLE_STRICT_OBJC_MSGSEND = YES;
				GCC_C_LANGUAGE_STANDARD = gnu99;
				GCC_NO_COMMON_BLOCKS = YES;
				GCC_WARN_64_TO_32_BIT_CONVERSION = YES;
				GCC_WARN_ABOUT_RETURN_TYPE = YES_ERROR;
				GCC_WARN_UNDECLARED_SELECTOR = YES;
				GCC_WARN_UNINITIALIZED_AUTOS = YES_AGGRESSIVE;
				GCC_WARN_UNUSED_FUNCTION = YES;
				GCC_WARN_UNUSED_VARIABLE = YES;
				MACOSX_DEPLOYMENT_TARGET = 10.11;
				MTL_ENABLE_DEBUG_INFO = NO;
				SDKROOT = macosx;
			};
			name = Release;
		};
		88EF87931D6DBB8B005FF29E /* Debug */ = {
			isa = XCBuildConfiguration;
			buildSettings = {
				PRODUCT_NAME = "$(TARGET_NAME)";
			};
			name = Debug;
		};
		88EF87941D6DBB8B005FF29E /* Release */ = {
			isa = XCBuildConfiguration;
			buildSettings = {
				PRODUCT_NAME = "$(TARGET_NAME)";
			};
			name = Release;
		};
/* End XCBuildConfiguration section */

/* Begin XCConfigurationList section */
		88EF87861D6DBB8B005FF29E /* Build configuration list for PBXProject "mm_gps_c" */ = {
			isa = XCConfigurationList;
			buildConfigurations = (
				88EF87901D6DBB8B005FF29E /* Debug */,
				88EF87911D6DBB8B005FF29E /* Release */,
			);
			defaultConfigurationIsVisible = 0;
			defaultConfigurationName = Release;
		};
		88EF87921D6DBB8B005FF29E /* Build configuration list for PBXNativeTarget "mm_gps_c" */ = {
			isa = XCConfigurationList;
			buildConfigurations = (
				88EF87931D6DBB8B005FF29E /* Debug */,
				88EF87941D6DBB8B005FF29E /* Release */,
			);
			defaultConfigurationIsVisible = 0;
			defaultConfigurationName = Release;
		};
/* End XCConfigurationList section */
	};
	rootObject = 88EF87831D6DBB8B005FF29E /* Project object */;
}
